{
  "nodes": {
    "hm": {
      "inputs": {
        "nixpkgs": [
          "nixpkgs"
        ]
      },
      "locked": {
        "lastModified": 1726611255,
        "narHash": "sha256-/bxaYvIK6/d3zqpW26QFS0rqfd0cO4qreSNWvYLTl/w=",
        "owner": "nix-community",
        "repo": "home-manager",
        "rev": "d2493de5cd1da06b6a4c3e97f4e7d5dd791df457",
        "type": "github"
      },
      "original": {
        "owner": "nix-community",
        "repo": "home-manager",
        "type": "github"
      }
    },
    "nixpkgs": {
      "locked": {
        "lastModified": 1726583932,
        "narHash": "sha256-zACxiQx8knB3F8+Ze+1BpiYrI+CbhxyWpcSID9kVhkQ=",
        "owner": "NixOS",
        "repo": "nixpkgs",
        "rev": "658e7223191d2598641d50ee4e898126768fe847",
        "type": "github"
      },
      "original": {
        "owner": "NixOS",
        "ref": "nixpkgs-unstable",
        "repo": "nixpkgs",
        "type": "github"
      }
    },
    "nur": {
      "locked": {
        "lastModified": 1726681508,
        "narHash": "sha256-xz858EXcKZjWR6TPyU84BTeMHIPewGW68DutnxghaR4=",
        "owner": "nix-community",
        "repo": "NUR",
        "rev": "59c5c2575c0cae6bc98b9de8161731cfb8cdc1f0",
        "type": "github"
      },
      "original": {
        "owner": "nix-community",
        "repo": "NUR",
        "type": "github"
      }
    },
    "root": {
      "inputs": {
        "hm": "hm",
        "nixpkgs": "nixpkgs",
        "nur": "nur"
      }
    }
  },
  "root": "root",
  "version": 7
}
