{
  "nodes": {
    "hm": {
      "inputs": {
        "nixpkgs": [
          "nixpkgs"
        ]
      },
      "locked": {
        "lastModified": 1702203126,
        "narHash": "sha256-4BhN2Vji19MzRC7SUfPZGmtZ2WZydQeUk/ogfRBIZMs=",
        "owner": "nix-community",
        "repo": "home-manager",
        "rev": "defbb9c5857e157703e8fc7cf3c2ceb01cb95883",
        "type": "github"
      },
      "original": {
        "owner": "nix-community",
        "repo": "home-manager",
        "type": "github"
      }
    },
    "nixpkgs": {
      "locked": {
        "lastModified": 1702206697,
        "narHash": "sha256-vE9oEx3Y8TO5MnWwFlmopjHd1JoEBno+EhsfUCq5iR8=",
        "owner": "NixOS",
        "repo": "nixpkgs",
        "rev": "29d6c96900b9b576c2fb89491452f283aa979819",
        "type": "github"
      },
      "original": {
        "owner": "NixOS",
        "ref": "nixpkgs-unstable",
        "repo": "nixpkgs",
        "type": "github"
      }
    },
    "nur": {
      "locked": {
        "lastModified": 1702316726,
        "narHash": "sha256-SQKEw/VhhyWUHATFXMsvvvZAHts02gVVQz9l1OTbpYg=",
        "owner": "nix-community",
        "repo": "NUR",
        "rev": "dbd6b276563c591fb4951d6766f552ab71ab59fd",
        "type": "github"
      },
      "original": {
        "owner": "nix-community",
        "repo": "NUR",
        "type": "github"
      }
    },
    "root": {
      "inputs": {
        "hm": "hm",
        "nixpkgs": "nixpkgs",
        "nur": "nur"
      }
    }
  },
  "root": "root",
  "version": 7
}
